
Microsoft Visual Studio Solution File, Format Version 12.00
# Visual Studio Version 16
VisualStudioVersion = 16.0.29215.179
MinimumVisualStudioVersion = 10.0.40219.1
Project("{FAE04EC0-301F-11D3-BF4B-00C04F79EFBC}") = "Github.NET", "GithubAPİ\Github.NET.csproj", "{4AF56B74-8E45-47D1-897D-D64101EE3F78}"
EndProject
Global
	GlobalSection(SolutionConfigurationPlatforms) = preSolution
		Debug|Any CPU = Debug|Any CPU
		Release|Any CPU = Release|Any CPU
	EndGlobalSection
	GlobalSection(ProjectConfigurationPlatforms) = postSolution
		{4AF56B74-8E45-47D1-897D-D64101EE3F78}.Debug|Any CPU.ActiveCfg = Debug|Any CPU
		{4AF56B74-8E45-47D1-897D-D64101EE3F78}.Debug|Any CPU.Build.0 = Debug|Any CPU
		{4AF56B74-8E45-47D1-897D-D64101EE3F78}.Release|Any CPU.ActiveCfg = Release|Any CPU
		{4AF56B74-8E45-47D1-897D-D64101EE3F78}.Release|Any CPU.Build.0 = Release|Any CPU
	EndGlobalSection
	GlobalSection(SolutionProperties) = preSolution
		HideSolutionNode = FALSE
	EndGlobalSection
	GlobalSection(ExtensibilityGlobals) = postSolution
		SolutionGuid = {D6DD88B5-B0B9-42ED-9A03-907C2696A6D5}
	EndGlobalSection
EndGlobal
